{
  "projects": [
    {
      "path": "Client\\ZORClient.vcxproj",
      "type": "vcxproj"
    },
    {
      "path": "Driver\\ZORDriver.vcxproj",
      "type": "vcxproj"
    },
    {
      "path": "Injector\\ZORInjector.vcxproj",
      "type": "vcxproj"
    }
  ],
  "solution": {
    "name": "ZOR DMZ Ultimate",
    "configuration": "Release|x64"
  }
}